
Microsoft Visual Studio Solution File, Format Version 12.00
Project("{FAE04EC0-301F-11D3-BF4B-00C04F79EFBC}") = "AreaSearcher", "AreaSearcher\AreaSearcher.csproj", "{C29812A4-AAB0-439F-9752-AF275AF13134}"
EndProject
Project("{FAE04EC0-301F-11D3-BF4B-00C04F79EFBC}") = "AreaSearcher.Tests", "Tests\AreaSearcher.Tests\AreaSearcher.Tests.csproj", "{C39F25E3-207B-4AE4-9F6E-603BE874F99B}"
EndProject
Global
	GlobalSection(SolutionConfigurationPlatforms) = preSolution
		Debug|Any CPU = Debug|Any CPU
		Release|Any CPU = Release|Any CPU
	EndGlobalSection
	GlobalSection(ProjectConfigurationPlatforms) = postSolution
		{C29812A4-AAB0-439F-9752-AF275AF13134}.Debug|Any CPU.ActiveCfg = Debug|Any CPU
		{C29812A4-AAB0-439F-9752-AF275AF13134}.Debug|Any CPU.Build.0 = Debug|Any CPU
		{C29812A4-AAB0-439F-9752-AF275AF13134}.Release|Any CPU.ActiveCfg = Release|Any CPU
		{C29812A4-AAB0-439F-9752-AF275AF13134}.Release|Any CPU.Build.0 = Release|Any CPU
		{C39F25E3-207B-4AE4-9F6E-603BE874F99B}.Debug|Any CPU.ActiveCfg = Debug|Any CPU
		{C39F25E3-207B-4AE4-9F6E-603BE874F99B}.Debug|Any CPU.Build.0 = Debug|Any CPU
		{C39F25E3-207B-4AE4-9F6E-603BE874F99B}.Release|Any CPU.ActiveCfg = Release|Any CPU
		{C39F25E3-207B-4AE4-9F6E-603BE874F99B}.Release|Any CPU.Build.0 = Release|Any CPU
	EndGlobalSection
EndGlobal
